
Microsoft Visual Studio Solution File, Format Version 12.00
# Visual Studio 15
VisualStudioVersion = 15.0.27703.2042
MinimumVisualStudioVersion = 10.0.40219.1
Project("{9A19103F-16F7-4668-BE54-9A1E7A4F7556}") = "CoreWeb", "CoreWeb\CoreWeb.csproj", "{3A2CA215-E2A4-46E3-A92B-5DB44131B0BD}"
EndProject
Project("{2150E333-8FDC-42A3-9474-1A3956D46DE8}") = "RabbitMQ", "RabbitMQ", "{8800890F-BD02-4D70-99C6-FFA268954FBB}"
EndProject
Project("{2150E333-8FDC-42A3-9474-1A3956D46DE8}") = "Test", "Test", "{B42B80BA-FCDC-42C4-AB84-14617CBDFBB7}"
EndProject
Project("{9A19103F-16F7-4668-BE54-9A1E7A4F7556}") = "RabbitMQSend", "RabbitMQSend\RabbitMQSend.csproj", "{72496CD6-B437-4185-875E-39B6C25B5ADF}"
EndProject
Project("{9A19103F-16F7-4668-BE54-9A1E7A4F7556}") = "RabbitMQReceive", "RabbitMQReceive\RabbitMQReceive.csproj", "{26FEE84F-6D57-4791-9735-F0F4086EB96E}"
EndProject
Project("{9A19103F-16F7-4668-BE54-9A1E7A4F7556}") = "RabbitMQSend_DirectEx", "RabbitMQSend_DirectEx\RabbitMQSend_DirectEx.csproj", "{1C61E642-CB96-43AF-8ABD-E6D79B3C57B2}"
EndProject
Project("{9A19103F-16F7-4668-BE54-9A1E7A4F7556}") = "RabbitMQSend_FanoutEx", "RabbitMQSend_FanoutEx\RabbitMQSend_FanoutEx.csproj", "{A1BA6253-9447-4B5D-ADA3-E831EC4191CF}"
EndProject
Project("{9A19103F-16F7-4668-BE54-9A1E7A4F7556}") = "RabbitMQSend_TopicEx", "RabbitMQSend_TopicEx\RabbitMQSend_TopicEx.csproj", "{B2CEF734-ACDD-4949-B445-8F0AE921DAE7}"
EndProject
Project("{9A19103F-16F7-4668-BE54-9A1E7A4F7556}") = "SignaIRChatExt", "SignaIRChatExt\SignaIRChatExt.csproj", "{701CE451-DB89-493E-9749-F0BA48A683EE}"
EndProject
Project("{9A19103F-16F7-4668-BE54-9A1E7A4F7556}") = "XUnitTestProject1", "XUnitTestProject1\XUnitTestProject1.csproj", "{2AD1768F-54A1-4A18-9F05-285306ECEF07}"
EndProject
Project("{9A19103F-16F7-4668-BE54-9A1E7A4F7556}") = "RabbitMQReceiveExt", "RabbitMQReceiveExt\RabbitMQReceiveExt.csproj", "{1EA5F1FF-E64B-4E91-B1C2-1AF248CFCAE4}"
EndProject
Project("{FAE04EC0-301F-11D3-BF4B-00C04F79EFBC}") = "Unlity", "Unlity\Unlity.csproj", "{BA9EF980-04A9-4082-9A61-FF440F36238E}"
EndProject
Project("{2150E333-8FDC-42A3-9474-1A3956D46DE8}") = "多线程", "多线程", "{5FE1A9A3-DDA7-4975-AC8C-B655FD01DF38}"
EndProject
Project("{2150E333-8FDC-42A3-9474-1A3956D46DE8}") = "线程同步", "线程同步", "{A5BF4127-732B-486A-93FD-75A10276F072}"
EndProject
Project("{9A19103F-16F7-4668-BE54-9A1E7A4F7556}") = "Atomic", "Atomic\Atomic.csproj", "{67697FC8-32D2-4031-91F0-F28F03130DBD}"
EndProject
Project("{9A19103F-16F7-4668-BE54-9A1E7A4F7556}") = "MutexClass", "Mutex\MutexClass.csproj", "{4D060306-2E8F-4B33-BF42-EA55E09EBB8A}"
EndProject
Project("{9A19103F-16F7-4668-BE54-9A1E7A4F7556}") = "SemaphoreSlim", "SemaphoreSlim\SemaphoreSlim.csproj", "{EFAF6CF0-57FA-43C6-A63C-9DD86D4F4B08}"
EndProject
Project("{9A19103F-16F7-4668-BE54-9A1E7A4F7556}") = "AutoResetEvent", "AutoResetEvent\AutoResetEvent.csproj", "{34EFAF6C-E992-417F-A05F-E79B43DF2D2C}"
EndProject
Project("{9A19103F-16F7-4668-BE54-9A1E7A4F7556}") = "ManualResetEventSlim", "ManualResetEventSlim\ManualResetEventSlim.csproj", "{A6CBD644-4DA9-444F-9EF1-EA96F4FA0A8C}"
EndProject
Project("{9A19103F-16F7-4668-BE54-9A1E7A4F7556}") = "CountdownEvent", "CountdownEvent\CountdownEvent.csproj", "{E78E5530-39BE-448D-AA52-BE34D466D533}"
EndProject
Project("{9A19103F-16F7-4668-BE54-9A1E7A4F7556}") = "Barrier", "Barrier\Barrier.csproj", "{9BFFE8FC-3DED-4632-941F-3A4898670FD3}"
EndProject
Project("{9A19103F-16F7-4668-BE54-9A1E7A4F7556}") = "ReaderWriterLockSlim", "ReaderWriterLockSlim\ReaderWriterLockSlim.csproj", "{E7C0FC68-F1E6-4E6F-ABF3-3C757B87EA87}"
EndProject
Project("{9A19103F-16F7-4668-BE54-9A1E7A4F7556}") = "SpinWait", "SpinWait\SpinWait.csproj", "{DCF6CB01-D0C8-44BE-A25E-71E225C4F69E}"
EndProject
Project("{2150E333-8FDC-42A3-9474-1A3956D46DE8}") = "鉴权", "鉴权", "{2344EF31-323B-4932-89FB-0A676D0CB41B}"
EndProject
Project("{9A19103F-16F7-4668-BE54-9A1E7A4F7556}") = "Authentication.JWT", "Authentication.JWT\Authentication.JWT.csproj", "{62863EF8-98AE-48B9-8AB0-C3512B236221}"
EndProject
Project("{2150E333-8FDC-42A3-9474-1A3956D46DE8}") = "Consul_Demo", "Consul_Demo", "{D03ED953-5F89-4E40-9379-25CAF0035391}"
EndProject
Project("{9A19103F-16F7-4668-BE54-9A1E7A4F7556}") = "ServiceRegister", "ServiceRegister\ServiceRegister.csproj", "{6979E910-7006-4394-8703-CA0570AD72F3}"
EndProject
Project("{9A19103F-16F7-4668-BE54-9A1E7A4F7556}") = "Core.EF.MySql", "Core.EF.MySql\Core.EF.MySql.csproj", "{3ADBF1CA-6174-4A54-87B0-87D06D85EA79}"
EndProject
Global
	GlobalSection(SolutionConfigurationPlatforms) = preSolution
		Debug|Any CPU = Debug|Any CPU
		Release|Any CPU = Release|Any CPU
	EndGlobalSection
	GlobalSection(ProjectConfigurationPlatforms) = postSolution
		{3A2CA215-E2A4-46E3-A92B-5DB44131B0BD}.Debug|Any CPU.ActiveCfg = Debug|Any CPU
		{3A2CA215-E2A4-46E3-A92B-5DB44131B0BD}.Debug|Any CPU.Build.0 = Debug|Any CPU
		{3A2CA215-E2A4-46E3-A92B-5DB44131B0BD}.Release|Any CPU.ActiveCfg = Release|Any CPU
		{3A2CA215-E2A4-46E3-A92B-5DB44131B0BD}.Release|Any CPU.Build.0 = Release|Any CPU
		{72496CD6-B437-4185-875E-39B6C25B5ADF}.Debug|Any CPU.ActiveCfg = Debug|Any CPU
		{72496CD6-B437-4185-875E-39B6C25B5ADF}.Debug|Any CPU.Build.0 = Debug|Any CPU
		{72496CD6-B437-4185-875E-39B6C25B5ADF}.Release|Any CPU.ActiveCfg = Release|Any CPU
		{72496CD6-B437-4185-875E-39B6C25B5ADF}.Release|Any CPU.Build.0 = Release|Any CPU
		{26FEE84F-6D57-4791-9735-F0F4086EB96E}.Debug|Any CPU.ActiveCfg = Debug|Any CPU
		{26FEE84F-6D57-4791-9735-F0F4086EB96E}.Debug|Any CPU.Build.0 = Debug|Any CPU
		{26FEE84F-6D57-4791-9735-F0F4086EB96E}.Release|Any CPU.ActiveCfg = Release|Any CPU
		{26FEE84F-6D57-4791-9735-F0F4086EB96E}.Release|Any CPU.Build.0 = Release|Any CPU
		{1C61E642-CB96-43AF-8ABD-E6D79B3C57B2}.Debug|Any CPU.ActiveCfg = Debug|Any CPU
		{1C61E642-CB96-43AF-8ABD-E6D79B3C57B2}.Debug|Any CPU.Build.0 = Debug|Any CPU
		{1C61E642-CB96-43AF-8ABD-E6D79B3C57B2}.Release|Any CPU.ActiveCfg = Release|Any CPU
		{1C61E642-CB96-43AF-8ABD-E6D79B3C57B2}.Release|Any CPU.Build.0 = Release|Any CPU
		{A1BA6253-9447-4B5D-ADA3-E831EC4191CF}.Debug|Any CPU.ActiveCfg = Debug|Any CPU
		{A1BA6253-9447-4B5D-ADA3-E831EC4191CF}.Debug|Any CPU.Build.0 = Debug|Any CPU
		{A1BA6253-9447-4B5D-ADA3-E831EC4191CF}.Release|Any CPU.ActiveCfg = Release|Any CPU
		{A1BA6253-9447-4B5D-ADA3-E831EC4191CF}.Release|Any CPU.Build.0 = Release|Any CPU
		{B2CEF734-ACDD-4949-B445-8F0AE921DAE7}.Debug|Any CPU.ActiveCfg = Debug|Any CPU
		{B2CEF734-ACDD-4949-B445-8F0AE921DAE7}.Debug|Any CPU.Build.0 = Debug|Any CPU
		{B2CEF734-ACDD-4949-B445-8F0AE921DAE7}.Release|Any CPU.ActiveCfg = Release|Any CPU
		{B2CEF734-ACDD-4949-B445-8F0AE921DAE7}.Release|Any CPU.Build.0 = Release|Any CPU
		{701CE451-DB89-493E-9749-F0BA48A683EE}.Debug|Any CPU.ActiveCfg = Debug|Any CPU
		{701CE451-DB89-493E-9749-F0BA48A683EE}.Debug|Any CPU.Build.0 = Debug|Any CPU
		{701CE451-DB89-493E-9749-F0BA48A683EE}.Release|Any CPU.ActiveCfg = Release|Any CPU
		{701CE451-DB89-493E-9749-F0BA48A683EE}.Release|Any CPU.Build.0 = Release|Any CPU
		{2AD1768F-54A1-4A18-9F05-285306ECEF07}.Debug|Any CPU.ActiveCfg = Debug|Any CPU
		{2AD1768F-54A1-4A18-9F05-285306ECEF07}.Debug|Any CPU.Build.0 = Debug|Any CPU
		{2AD1768F-54A1-4A18-9F05-285306ECEF07}.Release|Any CPU.ActiveCfg = Release|Any CPU
		{2AD1768F-54A1-4A18-9F05-285306ECEF07}.Release|Any CPU.Build.0 = Release|Any CPU
		{1EA5F1FF-E64B-4E91-B1C2-1AF248CFCAE4}.Debug|Any CPU.ActiveCfg = Debug|Any CPU
		{1EA5F1FF-E64B-4E91-B1C2-1AF248CFCAE4}.Debug|Any CPU.Build.0 = Debug|Any CPU
		{1EA5F1FF-E64B-4E91-B1C2-1AF248CFCAE4}.Release|Any CPU.ActiveCfg = Release|Any CPU
		{1EA5F1FF-E64B-4E91-B1C2-1AF248CFCAE4}.Release|Any CPU.Build.0 = Release|Any CPU
		{BA9EF980-04A9-4082-9A61-FF440F36238E}.Debug|Any CPU.ActiveCfg = Debug|Any CPU
		{BA9EF980-04A9-4082-9A61-FF440F36238E}.Debug|Any CPU.Build.0 = Debug|Any CPU
		{BA9EF980-04A9-4082-9A61-FF440F36238E}.Release|Any CPU.ActiveCfg = Release|Any CPU
		{BA9EF980-04A9-4082-9A61-FF440F36238E}.Release|Any CPU.Build.0 = Release|Any CPU
		{67697FC8-32D2-4031-91F0-F28F03130DBD}.Debug|Any CPU.ActiveCfg = Debug|Any CPU
		{67697FC8-32D2-4031-91F0-F28F03130DBD}.Debug|Any CPU.Build.0 = Debug|Any CPU
		{67697FC8-32D2-4031-91F0-F28F03130DBD}.Release|Any CPU.ActiveCfg = Release|Any CPU
		{67697FC8-32D2-4031-91F0-F28F03130DBD}.Release|Any CPU.Build.0 = Release|Any CPU
		{4D060306-2E8F-4B33-BF42-EA55E09EBB8A}.Debug|Any CPU.ActiveCfg = Debug|Any CPU
		{4D060306-2E8F-4B33-BF42-EA55E09EBB8A}.Debug|Any CPU.Build.0 = Debug|Any CPU
		{4D060306-2E8F-4B33-BF42-EA55E09EBB8A}.Release|Any CPU.ActiveCfg = Release|Any CPU
		{4D060306-2E8F-4B33-BF42-EA55E09EBB8A}.Release|Any CPU.Build.0 = Release|Any CPU
		{EFAF6CF0-57FA-43C6-A63C-9DD86D4F4B08}.Debug|Any CPU.ActiveCfg = Debug|Any CPU
		{EFAF6CF0-57FA-43C6-A63C-9DD86D4F4B08}.Debug|Any CPU.Build.0 = Debug|Any CPU
		{EFAF6CF0-57FA-43C6-A63C-9DD86D4F4B08}.Release|Any CPU.ActiveCfg = Release|Any CPU
		{EFAF6CF0-57FA-43C6-A63C-9DD86D4F4B08}.Release|Any CPU.Build.0 = Release|Any CPU
		{34EFAF6C-E992-417F-A05F-E79B43DF2D2C}.Debug|Any CPU.ActiveCfg = Debug|Any CPU
		{34EFAF6C-E992-417F-A05F-E79B43DF2D2C}.Debug|Any CPU.Build.0 = Debug|Any CPU
		{34EFAF6C-E992-417F-A05F-E79B43DF2D2C}.Release|Any CPU.ActiveCfg = Release|Any CPU
		{34EFAF6C-E992-417F-A05F-E79B43DF2D2C}.Release|Any CPU.Build.0 = Release|Any CPU
		{A6CBD644-4DA9-444F-9EF1-EA96F4FA0A8C}.Debug|Any CPU.ActiveCfg = Debug|Any CPU
		{A6CBD644-4DA9-444F-9EF1-EA96F4FA0A8C}.Debug|Any CPU.Build.0 = Debug|Any CPU
		{A6CBD644-4DA9-444F-9EF1-EA96F4FA0A8C}.Release|Any CPU.ActiveCfg = Release|Any CPU
		{A6CBD644-4DA9-444F-9EF1-EA96F4FA0A8C}.Release|Any CPU.Build.0 = Release|Any CPU
		{E78E5530-39BE-448D-AA52-BE34D466D533}.Debug|Any CPU.ActiveCfg = Debug|Any CPU
		{E78E5530-39BE-448D-AA52-BE34D466D533}.Debug|Any CPU.Build.0 = Debug|Any CPU
		{E78E5530-39BE-448D-AA52-BE34D466D533}.Release|Any CPU.ActiveCfg = Release|Any CPU
		{E78E5530-39BE-448D-AA52-BE34D466D533}.Release|Any CPU.Build.0 = Release|Any CPU
		{9BFFE8FC-3DED-4632-941F-3A4898670FD3}.Debug|Any CPU.ActiveCfg = Debug|Any CPU
		{9BFFE8FC-3DED-4632-941F-3A4898670FD3}.Debug|Any CPU.Build.0 = Debug|Any CPU
		{9BFFE8FC-3DED-4632-941F-3A4898670FD3}.Release|Any CPU.ActiveCfg = Release|Any CPU
		{9BFFE8FC-3DED-4632-941F-3A4898670FD3}.Release|Any CPU.Build.0 = Release|Any CPU
		{E7C0FC68-F1E6-4E6F-ABF3-3C757B87EA87}.Debug|Any CPU.ActiveCfg = Debug|Any CPU
		{E7C0FC68-F1E6-4E6F-ABF3-3C757B87EA87}.Debug|Any CPU.Build.0 = Debug|Any CPU
		{E7C0FC68-F1E6-4E6F-ABF3-3C757B87EA87}.Release|Any CPU.ActiveCfg = Release|Any CPU
		{E7C0FC68-F1E6-4E6F-ABF3-3C757B87EA87}.Release|Any CPU.Build.0 = Release|Any CPU
		{DCF6CB01-D0C8-44BE-A25E-71E225C4F69E}.Debug|Any CPU.ActiveCfg = Debug|Any CPU
		{DCF6CB01-D0C8-44BE-A25E-71E225C4F69E}.Debug|Any CPU.Build.0 = Debug|Any CPU
		{DCF6CB01-D0C8-44BE-A25E-71E225C4F69E}.Release|Any CPU.ActiveCfg = Release|Any CPU
		{DCF6CB01-D0C8-44BE-A25E-71E225C4F69E}.Release|Any CPU.Build.0 = Release|Any CPU
		{62863EF8-98AE-48B9-8AB0-C3512B236221}.Debug|Any CPU.ActiveCfg = Debug|Any CPU
		{62863EF8-98AE-48B9-8AB0-C3512B236221}.Debug|Any CPU.Build.0 = Debug|Any CPU
		{62863EF8-98AE-48B9-8AB0-C3512B236221}.Release|Any CPU.ActiveCfg = Release|Any CPU
		{62863EF8-98AE-48B9-8AB0-C3512B236221}.Release|Any CPU.Build.0 = Release|Any CPU
		{6979E910-7006-4394-8703-CA0570AD72F3}.Debug|Any CPU.ActiveCfg = Debug|Any CPU
		{6979E910-7006-4394-8703-CA0570AD72F3}.Debug|Any CPU.Build.0 = Debug|Any CPU
		{6979E910-7006-4394-8703-CA0570AD72F3}.Release|Any CPU.ActiveCfg = Release|Any CPU
		{6979E910-7006-4394-8703-CA0570AD72F3}.Release|Any CPU.Build.0 = Release|Any CPU
		{3ADBF1CA-6174-4A54-87B0-87D06D85EA79}.Debug|Any CPU.ActiveCfg = Debug|Any CPU
		{3ADBF1CA-6174-4A54-87B0-87D06D85EA79}.Debug|Any CPU.Build.0 = Debug|Any CPU
		{3ADBF1CA-6174-4A54-87B0-87D06D85EA79}.Release|Any CPU.ActiveCfg = Release|Any CPU
		{3ADBF1CA-6174-4A54-87B0-87D06D85EA79}.Release|Any CPU.Build.0 = Release|Any CPU
	EndGlobalSection
	GlobalSection(SolutionProperties) = preSolution
		HideSolutionNode = FALSE
	EndGlobalSection
	GlobalSection(NestedProjects) = preSolution
		{B42B80BA-FCDC-42C4-AB84-14617CBDFBB7} = {8800890F-BD02-4D70-99C6-FFA268954FBB}
		{72496CD6-B437-4185-875E-39B6C25B5ADF} = {B42B80BA-FCDC-42C4-AB84-14617CBDFBB7}
		{26FEE84F-6D57-4791-9735-F0F4086EB96E} = {B42B80BA-FCDC-42C4-AB84-14617CBDFBB7}
		{1C61E642-CB96-43AF-8ABD-E6D79B3C57B2} = {B42B80BA-FCDC-42C4-AB84-14617CBDFBB7}
		{A1BA6253-9447-4B5D-ADA3-E831EC4191CF} = {B42B80BA-FCDC-42C4-AB84-14617CBDFBB7}
		{B2CEF734-ACDD-4949-B445-8F0AE921DAE7} = {B42B80BA-FCDC-42C4-AB84-14617CBDFBB7}
		{1EA5F1FF-E64B-4E91-B1C2-1AF248CFCAE4} = {B42B80BA-FCDC-42C4-AB84-14617CBDFBB7}
		{A5BF4127-732B-486A-93FD-75A10276F072} = {5FE1A9A3-DDA7-4975-AC8C-B655FD01DF38}
		{67697FC8-32D2-4031-91F0-F28F03130DBD} = {A5BF4127-732B-486A-93FD-75A10276F072}
		{4D060306-2E8F-4B33-BF42-EA55E09EBB8A} = {A5BF4127-732B-486A-93FD-75A10276F072}
		{EFAF6CF0-57FA-43C6-A63C-9DD86D4F4B08} = {A5BF4127-732B-486A-93FD-75A10276F072}
		{34EFAF6C-E992-417F-A05F-E79B43DF2D2C} = {A5BF4127-732B-486A-93FD-75A10276F072}
		{A6CBD644-4DA9-444F-9EF1-EA96F4FA0A8C} = {A5BF4127-732B-486A-93FD-75A10276F072}
		{E78E5530-39BE-448D-AA52-BE34D466D533} = {A5BF4127-732B-486A-93FD-75A10276F072}
		{9BFFE8FC-3DED-4632-941F-3A4898670FD3} = {A5BF4127-732B-486A-93FD-75A10276F072}
		{E7C0FC68-F1E6-4E6F-ABF3-3C757B87EA87} = {A5BF4127-732B-486A-93FD-75A10276F072}
		{DCF6CB01-D0C8-44BE-A25E-71E225C4F69E} = {A5BF4127-732B-486A-93FD-75A10276F072}
		{62863EF8-98AE-48B9-8AB0-C3512B236221} = {2344EF31-323B-4932-89FB-0A676D0CB41B}
		{6979E910-7006-4394-8703-CA0570AD72F3} = {D03ED953-5F89-4E40-9379-25CAF0035391}
	EndGlobalSection
	GlobalSection(ExtensibilityGlobals) = postSolution
		SolutionGuid = {A27BAFFE-9807-409D-861F-AC292FADDF90}
	EndGlobalSection
EndGlobal
